# THIS IS AN AUTOGENERATED FILE. DO NOT EDIT THIS FILE DIRECTLY.
# yarn lockfile v1


contained-periodic-values@^1.0.0:
  version "1.0.0"
  resolved "https://registry.yarnpkg.com/contained-periodic-values/-/contained-periodic-values-1.0.0.tgz#a81dd8e84e0a5513d590a1e6581bfe55c00f9c4d"
  integrity sha1-qB3Y6E4KVRPVkKHmWBv+VcAPnE0=
  dependencies:
    nearest-periodic-value "^1.0.0"

dotenv@^6.2.0:
  version "6.2.0"
  resolved "https://registry.yarnpkg.com/dotenv/-/dotenv-6.2.0.tgz#941c0410535d942c8becf28d3f357dbd9d476064"
  integrity sha512-HygQCKUBSFl8wKQZBSemMywRWcEDNidvNbjGVyZu3nbZ8qq9ubiPoGLMdRDpfSrpkkm9BXYFkpKxxFX38o/76w==

moment-business@^3.0.1:
  version "3.0.1"
  resolved "https://registry.yarnpkg.com/moment-business/-/moment-business-3.0.1.tgz#df0de1a8a074060652b5688d3cc99c9d8b76dcc4"
  integrity sha1-3w3hqKB0BgZStWiNPMmcnYt23MQ=
  dependencies:
    contained-periodic-values "^1.0.0"
    skipped-periodic-values "^1.0.0"

moment@^2.23.0:
  version "2.23.0"
  resolved "https://registry.yarnpkg.com/moment/-/moment-2.23.0.tgz#759ea491ac97d54bac5ad776996e2a58cc1bc225"
  integrity sha512-3IE39bHVqFbWWaPOMHZF98Q9c3LDKGTmypMiTM2QygGXXElkFWIH7GxfmlwmY2vwa+wmNsoYZmG2iusf1ZjJoA==

nearest-periodic-value@^1.0.0:
  version "1.2.0"
  resolved "https://registry.yarnpkg.com/nearest-periodic-value/-/nearest-periodic-value-1.2.0.tgz#a84fd52919a89692864d20a41468313d255905c6"
  integrity sha1-qE/VKRmolpKGTSCkFGgxPSVZBcY=

skipped-periodic-values@^1.0.0:
  version "1.0.1"
  resolved "https://registry.yarnpkg.com/skipped-periodic-values/-/skipped-periodic-values-1.0.1.tgz#d3a0a4d93ac134c4550db2a8823ed9d9739ceca2"
  integrity sha1-06Ck2TrBNMRVDbKogj7Z2XOc7KI=
  dependencies:
    nearest-periodic-value "^1.0.0"
